
Microsoft Visual Studio Solution File, Format Version 12.00
# Visual Studio Version 16
VisualStudioVersion = 16.0.29613.14
MinimumVisualStudioVersion = 10.0.40219.1
Project("{9A19103F-16F7-4668-BE54-9A1E7A4F7556}") = "BinaryColorMap", "BinaryColorMap\BinaryColorMap.csproj", "{BF862BAD-C454-4D51-9E0D-CDBDEAFB7319}"
EndProject
Project("{FAE04EC0-301F-11D3-BF4B-00C04F79EFBC}") = "BcmEditor", "BcmEditor\BcmEditor.csproj", "{EE3DC70A-0B5B-4E65-9F40-28FB1961059E}"
EndProject
Global
	GlobalSection(SolutionConfigurationPlatforms) = preSolution
		Debug|Any CPU = Debug|Any CPU
		Release|Any CPU = Release|Any CPU
	EndGlobalSection
	GlobalSection(ProjectConfigurationPlatforms) = postSolution
		{BF862BAD-C454-4D51-9E0D-CDBDEAFB7319}.Debug|Any CPU.ActiveCfg = Debug|Any CPU
		{BF862BAD-C454-4D51-9E0D-CDBDEAFB7319}.Debug|Any CPU.Build.0 = Debug|Any CPU
		{BF862BAD-C454-4D51-9E0D-CDBDEAFB7319}.Release|Any CPU.ActiveCfg = Release|Any CPU
		{BF862BAD-C454-4D51-9E0D-CDBDEAFB7319}.Release|Any CPU.Build.0 = Release|Any CPU
		{EE3DC70A-0B5B-4E65-9F40-28FB1961059E}.Debug|Any CPU.ActiveCfg = Debug|Any CPU
		{EE3DC70A-0B5B-4E65-9F40-28FB1961059E}.Debug|Any CPU.Build.0 = Debug|Any CPU
		{EE3DC70A-0B5B-4E65-9F40-28FB1961059E}.Release|Any CPU.ActiveCfg = Release|Any CPU
		{EE3DC70A-0B5B-4E65-9F40-28FB1961059E}.Release|Any CPU.Build.0 = Release|Any CPU
	EndGlobalSection
	GlobalSection(SolutionProperties) = preSolution
		HideSolutionNode = FALSE
	EndGlobalSection
	GlobalSection(ExtensibilityGlobals) = postSolution
		SolutionGuid = {1D26143D-7349-4219-9D3F-40D653C9803D}
	EndGlobalSection
EndGlobal
